
Microsoft Visual Studio Solution File, Format Version 12.00
# Visual Studio Version 17
VisualStudioVersion = 17.3.32922.545
MinimumVisualStudioVersion = 10.0.40219.1
Project("{FAE04EC0-301F-11D3-BF4B-00C04F79EFBC}") = "MIPS_forms", "MIPS_forms\MIPS_forms.csproj", "{A5A92256-C8A4-4BCE-9897-40905F5AEB0E}"
EndProject
Global
	GlobalSection(SolutionConfigurationPlatforms) = preSolution
		Debug|Any CPU = Debug|Any CPU
		Release|Any CPU = Release|Any CPU
	EndGlobalSection
	GlobalSection(ProjectConfigurationPlatforms) = postSolution
		{A5A92256-C8A4-4BCE-9897-40905F5AEB0E}.Debug|Any CPU.ActiveCfg = Debug|Any CPU
		{A5A92256-C8A4-4BCE-9897-40905F5AEB0E}.Debug|Any CPU.Build.0 = Debug|Any CPU
		{A5A92256-C8A4-4BCE-9897-40905F5AEB0E}.Release|Any CPU.ActiveCfg = Release|Any CPU
		{A5A92256-C8A4-4BCE-9897-40905F5AEB0E}.Release|Any CPU.Build.0 = Release|Any CPU
	EndGlobalSection
	GlobalSection(SolutionProperties) = preSolution
		HideSolutionNode = FALSE
	EndGlobalSection
	GlobalSection(ExtensibilityGlobals) = postSolution
		SolutionGuid = {CC6DF1DE-279D-4705-A3E1-AC87F43927FA}
	EndGlobalSection
EndGlobal
